Microsoft Visual Studio Solution File, Format Version 12.00
# Visual Studio 2012
Project("{FAE04EC0-301F-11D3-BF4B-00C04F79EFBC}") = "ConbiniGame", "ConbiniGame.csproj", "{A2ECC278-6ACF-4288-A95E-53DF51B96A1A}"
EndProject
Global
	GlobalSection(SolutionConfigurationPlatforms) = preSolution
	Debug|Any CPU = Debug|Any CPU
	ExportDebug|Any CPU = ExportDebug|Any CPU
	ExportRelease|Any CPU = ExportRelease|Any CPU
	EndGlobalSection
	GlobalSection(ProjectConfigurationPlatforms) = postSolution
		{A2ECC278-6ACF-4288-A95E-53DF51B96A1A}.Debug|Any CPU.ActiveCfg = Debug|Any CPU
		{A2ECC278-6ACF-4288-A95E-53DF51B96A1A}.Debug|Any CPU.Build.0 = Debug|Any CPU
		{A2ECC278-6ACF-4288-A95E-53DF51B96A1A}.ExportDebug|Any CPU.ActiveCfg = ExportDebug|Any CPU
		{A2ECC278-6ACF-4288-A95E-53DF51B96A1A}.ExportDebug|Any CPU.Build.0 = ExportDebug|Any CPU
		{A2ECC278-6ACF-4288-A95E-53DF51B96A1A}.ExportRelease|Any CPU.ActiveCfg = ExportRelease|Any CPU
		{A2ECC278-6ACF-4288-A95E-53DF51B96A1A}.ExportRelease|Any CPU.Build.0 = ExportRelease|Any CPU
	EndGlobalSection
EndGlobal
